// !$*UTF8*$!
{
	archiveVersion = 1;
	classes = {
	};
	objectVersion = 46;
	objects = {

/* Begin PBXBuildFile section */
		F0A5D22618F4D410006891E9 /* Foundation.framework in Frameworks */ = {isa = PBXBuildFile; fileRef = F0A5D22518F4D410006891E9 /* Foundation.framework */; };
		F0A5D22818F4D410006891E9 /* CoreGraphics.framework in Frameworks */ = {isa = PBXBuildFile; fileRef = F0A5D22718F4D410006891E9 /* CoreGraphics.framework */; };
		F0A5D22A18F4D410006891E9 /* UIKit.framework in Frameworks */ = {isa = PBXBuildFile; fileRef = F0A5D22918F4D410006891E9 /* UIKit.framework */; };
		F0A5D23018F4D410006891E9 /* InfoPlist.strings in Resources */ = {isa = PBXBuildFile; fileRef = F0A5D22E18F4D410006891E9 /* InfoPlist.strings */; };
		F0A5D23218F4D410006891E9 /* main.m in Sources */ = {isa = PBXBuildFile; fileRef = F0A5D23118F4D410006891E9 /* main.m */; };
		F0A5D23618F4D410006891E9 /* AppDelegate.m in Sources */ = {isa = PBXBuildFile; fileRef = F0A5D23518F4D410006891E9 /* AppDelegate.m */; };
		F0A5D23818F4D410006891E9 /* Images.xcassets in Resources */ = {isa = PBXBuildFile; fileRef = F0A5D23718F4D410006891E9 /* Images.xcassets */; };
		F0A5D23F18F4D410006891E9 /* XCTest.framework in Frameworks */ = {isa = PBXBuildFile; fileRef = F0A5D23E18F4D410006891E9 /* XCTest.framework */; };
		F0A5D24018F4D410006891E9 /* Foundation.framework in Frameworks */ = {isa = PBXBuildFile; fileRef = F0A5D22518F4D410006891E9 /* Foundation.framework */; };
		F0A5D24118F4D410006891E9 /* UIKit.framework in Frameworks */ = {isa = PBXBuildFile; fileRef = F0A5D22918F4D410006891E9 /* UIKit.framework */; };
		F0A5D24918F4D410006891E9 /* InfoPlist.strings in Resources */ = {isa = PBXBuildFile; fileRef = F0A5D24718F4D410006891E9 /* InfoPlist.strings */; };
		F0A5D24B18F4D410006891E9 /* NTJsonModelSampleTests.m in Sources */ = {isa = PBXBuildFile; fileRef = F0A5D24A18F4D410006891E9 /* NTJsonModelSampleTests.m */; };
		F0A5D25718F4D435006891E9 /* NTJsonModel.m in Sources */ = {isa = PBXBuildFile; fileRef = F0A5D25618F4D435006891E9 /* NTJsonModel.m */; };
		F0A5D25E18F4D887006891E9 /* User.m in Sources */ = {isa = PBXBuildFile; fileRef = F0A5D25D18F4D887006891E9 /* User.m */; };
		F0A5D26118F4DA3B006891E9 /* NTJsonProperty.m in Sources */ = {isa = PBXBuildFile; fileRef = F0A5D26018F4DA3B006891E9 /* NTJsonProperty.m */; };
		F0A5D26418F5DFBE006891E9 /* Account.m in Sources */ = {isa = PBXBuildFile; fileRef = F0A5D26318F5DFBE006891E9 /* Account.m */; };
		F0A5D26718F5F43F006891E9 /* NTJsonModelArray.m in Sources */ = {isa = PBXBuildFile; fileRef = F0A5D26618F5F43F006891E9 /* NTJsonModelArray.m */; };
		F0A5D26A18F6F833006891E9 /* LICENSE in Resources */ = {isa = PBXBuildFile; fileRef = F0A5D26818F6F833006891E9 /* LICENSE */; };
		F0A5D26B18F6F833006891E9 /* README.md in Resources */ = {isa = PBXBuildFile; fileRef = F0A5D26918F6F833006891E9 /* README.md */; };
/* End PBXBuildFile section */

/* Begin PBXContainerItemProxy section */
		F0A5D24218F4D410006891E9 /* PBXContainerItemProxy */ = {
			isa = PBXContainerItemProxy;
			containerPortal = F0A5D21A18F4D410006891E9 /* Project object */;
			proxyType = 1;
			remoteGlobalIDString = F0A5D22118F4D410006891E9;
			remoteInfo = NTJsonModelSample;
		};
/* End PBXContainerItemProxy section */

/* Begin PBXFileReference section */
		F016632318F7497500D202C7 /* NTJsonModelContainer.h */ = {isa = PBXFileReference; lastKnownFileType = sourcecode.c.h; path = NTJsonModelContainer.h; sourceTree = "<group>"; };
		F0A5D22218F4D410006891E9 /* NTJsonModelSample.app */ = {isa = PBXFileReference; explicitFileType = wrapper.application; includeInIndex = 0; path = NTJsonModelSample.app; sourceTree = BUILT_PRODUCTS_DIR; };
		F0A5D22518F4D410006891E9 /* Foundation.framework */ = {isa = PBXFileReference; lastKnownFileType = wrapper.framework; name = Foundation.framework; path = System/Library/Frameworks/Foundation.framework; sourceTree = SDKROOT; };
		F0A5D22718F4D410006891E9 /* CoreGraphics.framework */ = {isa = PBXFileReference; lastKnownFileType = wrapper.framework; name = CoreGraphics.framework; path = System/Library/Frameworks/CoreGraphics.framework; sourceTree = SDKROOT; };
		F0A5D22918F4D410006891E9 /* UIKit.framework */ = {isa = PBXFileReference; lastKnownFileType = wrapper.framework; name = UIKit.framework; path = System/Library/Frameworks/UIKit.framework; sourceTree = SDKROOT; };
		F0A5D22D18F4D410006891E9 /* NTJsonModelSample-Info.plist */ = {isa = PBXFileReference; lastKnownFileType = text.plist.xml; path = "NTJsonModelSample-Info.plist"; sourceTree = "<group>"; };
		F0A5D22F18F4D410006891E9 /* en */ = {isa = PBXFileReference; lastKnownFileType = text.plist.strings; name = en; path = en.lproj/InfoPlist.strings; sourceTree = "<group>"; };
		F0A5D23118F4D410006891E9 /* main.m */ = {isa = PBXFileReference; lastKnownFileType = sourcecode.c.objc; path = main.m; sourceTree = "<group>"; };
		F0A5D23318F4D410006891E9 /* NTJsonModelSample-Prefix.pch */ = {isa = PBXFileReference; lastKnownFileType = sourcecode.c.h; path = "NTJsonModelSample-Prefix.pch"; sourceTree = "<group>"; };
		F0A5D23418F4D410006891E9 /* AppDelegate.h */ = {isa = PBXFileReference; lastKnownFileType = sourcecode.c.h; path = AppDelegate.h; sourceTree = "<group>"; };
		F0A5D23518F4D410006891E9 /* AppDelegate.m */ = {isa = PBXFileReference; lastKnownFileType = sourcecode.c.objc; path = AppDelegate.m; sourceTree = "<group>"; };
		F0A5D23718F4D410006891E9 /* Images.xcassets */ = {isa = PBXFileReference; lastKnownFileType = folder.assetcatalog; path = Images.xcassets; sourceTree = "<group>"; };
		F0A5D23D18F4D410006891E9 /* NTJsonModelSampleTests.xctest */ = {isa = PBXFileReference; explicitFileType = wrapper.cfbundle; includeInIndex = 0; path = NTJsonModelSampleTests.xctest; sourceTree = BUILT_PRODUCTS_DIR; };
		F0A5D23E18F4D410006891E9 /* XCTest.framework */ = {isa = PBXFileReference; lastKnownFileType = wrapper.framework; name = XCTest.framework; path = Library/Frameworks/XCTest.framework; sourceTree = DEVELOPER_DIR; };
		F0A5D24618F4D410006891E9 /* NTJsonModelSampleTests-Info.plist */ = {isa = PBXFileReference; lastKnownFileType = text.plist.xml; path = "NTJsonModelSampleTests-Info.plist"; sourceTree = "<group>"; };
		F0A5D24818F4D410006891E9 /* en */ = {isa = PBXFileReference; lastKnownFileType = text.plist.strings; name = en; path = en.lproj/InfoPlist.strings; sourceTree = "<group>"; };
		F0A5D24A18F4D410006891E9 /* NTJsonModelSampleTests.m */ = {isa = PBXFileReference; lastKnownFileType = sourcecode.c.objc; path = NTJsonModelSampleTests.m; sourceTree = "<group>"; };
		F0A5D25518F4D435006891E9 /* NTJsonModel.h */ = {isa = PBXFileReference; fileEncoding = 4; lastKnownFileType = sourcecode.c.h; path = NTJsonModel.h; sourceTree = "<group>"; };
		F0A5D25618F4D435006891E9 /* NTJsonModel.m */ = {isa = PBXFileReference; fileEncoding = 4; lastKnownFileType = sourcecode.c.objc; path = NTJsonModel.m; sourceTree = "<group>"; };
		F0A5D25818F4D479006891E9 /* NTJsonModel+Private.h */ = {isa = PBXFileReference; fileEncoding = 4; lastKnownFileType = sourcecode.c.h; path = "NTJsonModel+Private.h"; sourceTree = "<group>"; };
		F0A5D25C18F4D887006891E9 /* User.h */ = {isa = PBXFileReference; fileEncoding = 4; lastKnownFileType = sourcecode.c.h; path = User.h; sourceTree = "<group>"; };
		F0A5D25D18F4D887006891E9 /* User.m */ = {isa = PBXFileReference; fileEncoding = 4; lastKnownFileType = sourcecode.c.objc; path = User.m; sourceTree = "<group>"; };
		F0A5D25F18F4DA3B006891E9 /* NTJsonProperty.h */ = {isa = PBXFileReference; fileEncoding = 4; lastKnownFileType = sourcecode.c.h; path = NTJsonProperty.h; sourceTree = "<group>"; };
		F0A5D26018F4DA3B006891E9 /* NTJsonProperty.m */ = {isa = PBXFileReference; fileEncoding = 4; lastKnownFileType = sourcecode.c.objc; path = NTJsonProperty.m; sourceTree = "<group>"; };
		F0A5D26218F5DFBE006891E9 /* Account.h */ = {isa = PBXFileReference; fileEncoding = 4; lastKnownFileType = sourcecode.c.h; path = Account.h; sourceTree = "<group>"; };
		F0A5D26318F5DFBE006891E9 /* Account.m */ = {isa = PBXFileReference; fileEncoding = 4; lastKnownFileType = sourcecode.c.objc; path = Account.m; sourceTree = "<group>"; };
		F0A5D26518F5F43F006891E9 /* NTJsonModelArray.h */ = {isa = PBXFileReference; fileEncoding = 4; lastKnownFileType = sourcecode.c.h; path = NTJsonModelArray.h; sourceTree = "<group>"; };
		F0A5D26618F5F43F006891E9 /* NTJsonModelArray.m */ = {isa = PBXFileReference; fileEncoding = 4; lastKnownFileType = sourcecode.c.objc; path = NTJsonModelArray.m; sourceTree = "<group>"; };
		F0A5D26818F6F833006891E9 /* LICENSE */ = {isa = PBXFileReference; fileEncoding = 4; lastKnownFileType = text; name = LICENSE; path = ../../LICENSE; sourceTree = "<group>"; };
		F0A5D26918F6F833006891E9 /* README.md */ = {isa = PBXFileReference; fileEncoding = 4; lastKnownFileType = text; name = README.md; path = ../../README.md; sourceTree = "<group>"; };
/* End PBXFileReference section */

/* Begin PBXFrameworksBuildPhase section */
		F0A5D21F18F4D410006891E9 /* Frameworks */ = {
			isa = PBXFrameworksBuildPhase;
			buildActionMask = 2147483647;
			files = (
				F0A5D22818F4D410006891E9 /* CoreGraphics.framework in Frameworks */,
				F0A5D22A18F4D410006891E9 /* UIKit.framework in Frameworks */,
				F0A5D22618F4D410006891E9 /* Foundation.framework in Frameworks */,
			);
			runOnlyForDeploymentPostprocessing = 0;
		};
		F0A5D23A18F4D410006891E9 /* Frameworks */ = {
			isa = PBXFrameworksBuildPhase;
			buildActionMask = 2147483647;
			files = (
				F0A5D23F18F4D410006891E9 /* XCTest.framework in Frameworks */,
				F0A5D24118F4D410006891E9 /* UIKit.framework in Frameworks */,
				F0A5D24018F4D410006891E9 /* Foundation.framework in Frameworks */,
			);
			runOnlyForDeploymentPostprocessing = 0;
		};
/* End PBXFrameworksBuildPhase section */

/* Begin PBXGroup section */
		F0A5D21918F4D410006891E9 = {
			isa = PBXGroup;
			children = (
				F0A5D22B18F4D410006891E9 /* NTJsonModelSample */,
				F0A5D24418F4D410006891E9 /* NTJsonModelSampleTests */,
				F0A5D22418F4D410006891E9 /* Frameworks */,
				F0A5D22318F4D410006891E9 /* Products */,
			);
			sourceTree = "<group>";
		};
		F0A5D22318F4D410006891E9 /* Products */ = {
			isa = PBXGroup;
			children = (
				F0A5D22218F4D410006891E9 /* NTJsonModelSample.app */,
				F0A5D23D18F4D410006891E9 /* NTJsonModelSampleTests.xctest */,
			);
			name = Products;
			sourceTree = "<group>";
		};
		F0A5D22418F4D410006891E9 /* Frameworks */ = {
			isa = PBXGroup;
			children = (
				F0A5D22518F4D410006891E9 /* Foundation.framework */,
				F0A5D22718F4D410006891E9 /* CoreGraphics.framework */,
				F0A5D22918F4D410006891E9 /* UIKit.framework */,
				F0A5D23E18F4D410006891E9 /* XCTest.framework */,
			);
			name = Frameworks;
			sourceTree = "<group>";
		};
		F0A5D22B18F4D410006891E9 /* NTJsonModelSample */ = {
			isa = PBXGroup;
			children = (
				F0A5D25418F4D41B006891E9 /* NTJsonModel */,
				F0A5D25B18F4D866006891E9 /* Model */,
				F0A5D23418F4D410006891E9 /* AppDelegate.h */,
				F0A5D23518F4D410006891E9 /* AppDelegate.m */,
				F0A5D23718F4D410006891E9 /* Images.xcassets */,
				F0A5D22C18F4D410006891E9 /* Supporting Files */,
			);
			path = NTJsonModelSample;
			sourceTree = "<group>";
		};
		F0A5D22C18F4D410006891E9 /* Supporting Files */ = {
			isa = PBXGroup;
			children = (
				F0A5D22D18F4D410006891E9 /* NTJsonModelSample-Info.plist */,
				F0A5D22E18F4D410006891E9 /* InfoPlist.strings */,
				F0A5D23118F4D410006891E9 /* main.m */,
				F0A5D23318F4D410006891E9 /* NTJsonModelSample-Prefix.pch */,
			);
			name = "Supporting Files";
			sourceTree = "<group>";
		};
		F0A5D24418F4D410006891E9 /* NTJsonModelSampleTests */ = {
			isa = PBXGroup;
			children = (
				F0A5D24A18F4D410006891E9 /* NTJsonModelSampleTests.m */,
				F0A5D24518F4D410006891E9 /* Supporting Files */,
			);
			path = NTJsonModelSampleTests;
			sourceTree = "<group>";
		};
		F0A5D24518F4D410006891E9 /* Supporting Files */ = {
			isa = PBXGroup;
			children = (
				F0A5D24618F4D410006891E9 /* NTJsonModelSampleTests-Info.plist */,
				F0A5D24718F4D410006891E9 /* InfoPlist.strings */,
			);
			name = "Supporting Files";
			sourceTree = "<group>";
		};
		F0A5D25418F4D41B006891E9 /* NTJsonModel */ = {
			isa = PBXGroup;
			children = (
				F0A5D26818F6F833006891E9 /* LICENSE */,
				F0A5D26918F6F833006891E9 /* README.md */,
				F0A5D25818F4D479006891E9 /* NTJsonModel+Private.h */,
				F0A5D25518F4D435006891E9 /* NTJsonModel.h */,
				F0A5D25618F4D435006891E9 /* NTJsonModel.m */,
				F0A5D26518F5F43F006891E9 /* NTJsonModelArray.h */,
				F0A5D26618F5F43F006891E9 /* NTJsonModelArray.m */,
				F0A5D25F18F4DA3B006891E9 /* NTJsonProperty.h */,
				F0A5D26018F4DA3B006891E9 /* NTJsonProperty.m */,
				F016632318F7497500D202C7 /* NTJsonModelContainer.h */,
			);
			name = NTJsonModel;
			path = ../../../Classes/ios;
			sourceTree = "<group>";
		};
		F0A5D25B18F4D866006891E9 /* Model */ = {
			isa = PBXGroup;
			children = (
				F0A5D25C18F4D887006891E9 /* User.h */,
				F0A5D25D18F4D887006891E9 /* User.m */,
				F0A5D26218F5DFBE006891E9 /* Account.h */,
				F0A5D26318F5DFBE006891E9 /* Account.m */,
			);
			path = Model;
			sourceTree = "<group>";
		};
/* End PBXGroup section */

/* Begin PBXNativeTarget section */
		F0A5D22118F4D410006891E9 /* NTJsonModelSample */ = {
			isa = PBXNativeTarget;
			buildConfigurationList = F0A5D24E18F4D410006891E9 /* Build configuration list for PBXNativeTarget "NTJsonModelSample" */;
			buildPhases = (
				F0A5D21E18F4D410006891E9 /* Sources */,
				F0A5D21F18F4D410006891E9 /* Frameworks */,
				F0A5D22018F4D410006891E9 /* Resources */,
			);
			buildRules = (
			);
			dependencies = (
			);
			name = NTJsonModelSample;
			productName = NTJsonModelSample;
			productReference = F0A5D22218F4D410006891E9 /* NTJsonModelSample.app */;
			productType = "com.apple.product-type.application";
		};
		F0A5D23C18F4D410006891E9 /* NTJsonModelSampleTests */ = {
			isa = PBXNativeTarget;
			buildConfigurationList = F0A5D25118F4D410006891E9 /* Build configuration list for PBXNativeTarget "NTJsonModelSampleTests" */;
			buildPhases = (
				F0A5D23918F4D410006891E9 /* Sources */,
				F0A5D23A18F4D410006891E9 /* Frameworks */,
				F0A5D23B18F4D410006891E9 /* Resources */,
			);
			buildRules = (
			);
			dependencies = (
				F0A5D24318F4D410006891E9 /* PBXTargetDependency */,
			);
			name = NTJsonModelSampleTests;
			productName = NTJsonModelSampleTests;
			productReference = F0A5D23D18F4D410006891E9 /* NTJsonModelSampleTests.xctest */;
			productType = "com.apple.product-type.bundle.unit-test";
		};
/* End PBXNativeTarget section */

/* Begin PBXProject section */
		F0A5D21A18F4D410006891E9 /* Project object */ = {
			isa = PBXProject;
			attributes = {
				LastUpgradeCheck = 0510;
				ORGANIZATIONNAME = NagelTech;
				TargetAttributes = {
					F0A5D23C18F4D410006891E9 = {
						TestTargetID = F0A5D22118F4D410006891E9;
					};
				};
			};
			buildConfigurationList = F0A5D21D18F4D410006891E9 /* Build configuration list for PBXProject "NTJsonModelSample" */;
			compatibilityVersion = "Xcode 3.2";
			developmentRegion = English;
			hasScannedForEncodings = 0;
			knownRegions = (
				en,
			);
			mainGroup = F0A5D21918F4D410006891E9;
			productRefGroup = F0A5D22318F4D410006891E9 /* Products */;
			projectDirPath = "";
			projectRoot = "";
			targets = (
				F0A5D22118F4D410006891E9 /* NTJsonModelSample */,
				F0A5D23C18F4D410006891E9 /* NTJsonModelSampleTests */,
			);
		};
/* End PBXProject section */

/* Begin PBXResourcesBuildPhase section */
		F0A5D22018F4D410006891E9 /* Resources */ = {
			isa = PBXResourcesBuildPhase;
			buildActionMask = 2147483647;
			files = (
				F0A5D26A18F6F833006891E9 /* LICENSE in Resources */,
				F0A5D23018F4D410006891E9 /* InfoPlist.strings in Resources */,
				F0A5D26B18F6F833006891E9 /* README.md in Resources */,
				F0A5D23818F4D410006891E9 /* Images.xcassets in Resources */,
			);
			runOnlyForDeploymentPostprocessing = 0;
		};
		F0A5D23B18F4D410006891E9 /* Resources */ = {
			isa = PBXResourcesBuildPhase;
			buildActionMask = 2147483647;
			files = (
				F0A5D24918F4D410006891E9 /* InfoPlist.strings in Resources */,
			);
			runOnlyForDeploymentPostprocessing = 0;
		};
/* End PBXResourcesBuildPhase section */

/* Begin PBXSourcesBuildPhase section */
		F0A5D21E18F4D410006891E9 /* Sources */ = {
			isa = PBXSourcesBuildPhase;
			buildActionMask = 2147483647;
			files = (
				F0A5D25E18F4D887006891E9 /* User.m in Sources */,
				F0A5D23618F4D410006891E9 /* AppDelegate.m in Sources */,
				F0A5D25718F4D435006891E9 /* NTJsonModel.m in Sources */,
				F0A5D26418F5DFBE006891E9 /* Account.m in Sources */,
				F0A5D26718F5F43F006891E9 /* NTJsonModelArray.m in Sources */,
				F0A5D23218F4D410006891E9 /* main.m in Sources */,
				F0A5D26118F4DA3B006891E9 /* NTJsonProperty.m in Sources */,
			);
			runOnlyForDeploymentPostprocessing = 0;
		};
		F0A5D23918F4D410006891E9 /* Sources */ = {
			isa = PBXSourcesBuildPhase;
			buildActionMask = 2147483647;
			files = (
				F0A5D24B18F4D410006891E9 /* NTJsonModelSampleTests.m in Sources */,
			);
			runOnlyForDeploymentPostprocessing = 0;
		};
/* End PBXSourcesBuildPhase section */

/* Begin PBXTargetDependency section */
		F0A5D24318F4D410006891E9 /* PBXTargetDependency */ = {
			isa = PBXTargetDependency;
			target = F0A5D22118F4D410006891E9 /* NTJsonModelSample */;
			targetProxy = F0A5D24218F4D410006891E9 /* PBXContainerItemProxy */;
		};
/* End PBXTargetDependency section */

/* Begin PBXVariantGroup section */
		F0A5D22E18F4D410006891E9 /* InfoPlist.strings */ = {
			isa = PBXVariantGroup;
			children = (
				F0A5D22F18F4D410006891E9 /* en */,
			);
			name = InfoPlist.strings;
			sourceTree = "<group>";
		};
		F0A5D24718F4D410006891E9 /* InfoPlist.strings */ = {
			isa = PBXVariantGroup;
			children = (
				F0A5D24818F4D410006891E9 /* en */,
			);
			name = InfoPlist.strings;
			sourceTree = "<group>";
		};
/* End PBXVariantGroup section */

/* Begin XCBuildConfiguration section */
		F0A5D24C18F4D410006891E9 /* Debug */ = {
			isa = XCBuildConfiguration;
			buildSettings = {
				ALWAYS_SEARCH_USER_PATHS = NO;
				CLANG_CXX_LANGUAGE_STANDARD = "gnu++0x";
				CLANG_CXX_LIBRARY = "libc++";
				CLANG_ENABLE_MODULES = YES;
				CLANG_ENABLE_OBJC_ARC = YES;
				CLANG_WARN_BOOL_CONVERSION = YES;
				CLANG_WARN_CONSTANT_CONVERSION = YES;
				CLANG_WARN_DIRECT_OBJC_ISA_USAGE = YES_ERROR;
				CLANG_WARN_EMPTY_BODY = YES;
				CLANG_WARN_ENUM_CONVERSION = YES;
				CLANG_WARN_INT_CONVERSION = YES;
				CLANG_WARN_OBJC_ROOT_CLASS = YES_ERROR;
				CLANG_WARN__DUPLICATE_METHOD_MATCH = YES;
				"CODE_SIGN_IDENTITY[sdk=iphoneos*]" = "iPhone Developer";
				COPY_PHASE_STRIP = NO;
				GCC_C_LANGUAGE_STANDARD = gnu99;
				GCC_DYNAMIC_NO_PIC = NO;
				GCC_OPTIMIZATION_LEVEL = 0;
				GCC_PREPROCESSOR_DEFINITIONS = (
					"DEBUG=1",
					"$(inherited)",
				);
				GCC_SYMBOLS_PRIVATE_EXTERN = NO;
				GCC_WARN_64_TO_32_BIT_CONVERSION = YES;
				GCC_WARN_ABOUT_RETURN_TYPE = YES_ERROR;
				GCC_WARN_UNDECLARED_SELECTOR = YES;
				GCC_WARN_UNINITIALIZED_AUTOS = YES_AGGRESSIVE;
				GCC_WARN_UNUSED_FUNCTION = YES;
				GCC_WARN_UNUSED_VARIABLE = YES;
				IPHONEOS_DEPLOYMENT_TARGET = 7.1;
				ONLY_ACTIVE_ARCH = YES;
				SDKROOT = iphoneos;
			};
			name = Debug;
		};
		F0A5D24D18F4D410006891E9 /* Release */ = {
			isa = XCBuildConfiguration;
			buildSettings = {
				ALWAYS_SEARCH_USER_PATHS = NO;
				CLANG_CXX_LANGUAGE_STANDARD = "gnu++0x";
				CLANG_CXX_LIBRARY = "libc++";
				CLANG_ENABLE_MODULES = YES;
				CLANG_ENABLE_OBJC_ARC = YES;
				CLANG_WARN_BOOL_CONVERSION = YES;
				CLANG_WARN_CONSTANT_CONVERSION = YES;
				CLANG_WARN_DIRECT_OBJC_ISA_USAGE = YES_ERROR;
				CLANG_WARN_EMPTY_BODY = YES;
				CLANG_WARN_ENUM_CONVERSION = YES;
				CLANG_WARN_INT_CONVERSION = YES;
				CLANG_WARN_OBJC_ROOT_CLASS = YES_ERROR;
				CLANG_WARN__DUPLICATE_METHOD_MATCH = YES;
				"CODE_SIGN_IDENTITY[sdk=iphoneos*]" = "iPhone Developer";
				COPY_PHASE_STRIP = YES;
				ENABLE_NS_ASSERTIONS = NO;
				GCC_C_LANGUAGE_STANDARD = gnu99;
				GCC_WARN_64_TO_32_BIT_CONVERSION = YES;
				GCC_WARN_ABOUT_RETURN_TYPE = YES_ERROR;
				GCC_WARN_UNDECLARED_SELECTOR = YES;
				GCC_WARN_UNINITIALIZED_AUTOS = YES_AGGRESSIVE;
				GCC_WARN_UNUSED_FUNCTION = YES;
				GCC_WARN_UNUSED_VARIABLE = YES;
				IPHONEOS_DEPLOYMENT_TARGET = 7.1;
				SDKROOT = iphoneos;
				VALIDATE_PRODUCT = YES;
			};
			name = Release;
		};
		F0A5D24F18F4D410006891E9 /* Debug */ = {
			isa = XCBuildConfiguration;
			buildSettings = {
				ASSETCATALOG_COMPILER_APPICON_NAME = AppIcon;
				ASSETCATALOG_COMPILER_LAUNCHIMAGE_NAME = LaunchImage;
				GCC_PRECOMPILE_PREFIX_HEADER = YES;
				GCC_PREFIX_HEADER = "NTJsonModelSample/NTJsonModelSample-Prefix.pch";
				INFOPLIST_FILE = "NTJsonModelSample/NTJsonModelSample-Info.plist";
				PRODUCT_NAME = "$(TARGET_NAME)";
				WRAPPER_EXTENSION = app;
			};
			name = Debug;
		};
		F0A5D25018F4D410006891E9 /* Release */ = {
			isa = XCBuildConfiguration;
			buildSettings = {
				ASSETCATALOG_COMPILER_APPICON_NAME = AppIcon;
				ASSETCATALOG_COMPILER_LAUNCHIMAGE_NAME = LaunchImage;
				GCC_PRECOMPILE_PREFIX_HEADER = YES;
				GCC_PREFIX_HEADER = "NTJsonModelSample/NTJsonModelSample-Prefix.pch";
				INFOPLIST_FILE = "NTJsonModelSample/NTJsonModelSample-Info.plist";
				PRODUCT_NAME = "$(TARGET_NAME)";
				WRAPPER_EXTENSION = app;
			};
			name = Release;
		};
		F0A5D25218F4D410006891E9 /* Debug */ = {
			isa = XCBuildConfiguration;
			buildSettings = {
				BUNDLE_LOADER = "$(BUILT_PRODUCTS_DIR)/NTJsonModelSample.app/NTJsonModelSample";
				FRAMEWORK_SEARCH_PATHS = (
					"$(SDKROOT)/Developer/Library/Frameworks",
					"$(inherited)",
					"$(DEVELOPER_FRAMEWORKS_DIR)",
				);
				GCC_PRECOMPILE_PREFIX_HEADER = YES;
				GCC_PREFIX_HEADER = "NTJsonModelSample/NTJsonModelSample-Prefix.pch";
				GCC_PREPROCESSOR_DEFINITIONS = (
					"DEBUG=1",
					"$(inherited)",
				);
				INFOPLIST_FILE = "NTJsonModelSampleTests/NTJsonModelSampleTests-Info.plist";
				PRODUCT_NAME = "$(TARGET_NAME)";
				TEST_HOST = "$(BUNDLE_LOADER)";
				WRAPPER_EXTENSION = xctest;
			};
			name = Debug;
		};
		F0A5D25318F4D410006891E9 /* Release */ = {
			isa = XCBuildConfiguration;
			buildSettings = {
				BUNDLE_LOADER = "$(BUILT_PRODUCTS_DIR)/NTJsonModelSample.app/NTJsonModelSample";
				FRAMEWORK_SEARCH_PATHS = (
					"$(SDKROOT)/Developer/Library/Frameworks",
					"$(inherited)",
					"$(DEVELOPER_FRAMEWORKS_DIR)",
				);
				GCC_PRECOMPILE_PREFIX_HEADER = YES;
				GCC_PREFIX_HEADER = "NTJsonModelSample/NTJsonModelSample-Prefix.pch";
				INFOPLIST_FILE = "NTJsonModelSampleTests/NTJsonModelSampleTests-Info.plist";
				PRODUCT_NAME = "$(TARGET_NAME)";
				TEST_HOST = "$(BUNDLE_LOADER)";
				WRAPPER_EXTENSION = xctest;
			};
			name = Release;
		};
/* End XCBuildConfiguration section */

/* Begin XCConfigurationList section */
		F0A5D21D18F4D410006891E9 /* Build configuration list for PBXProject "NTJsonModelSample" */ = {
			isa = XCConfigurationList;
			buildConfigurations = (
				F0A5D24C18F4D410006891E9 /* Debug */,
				F0A5D24D18F4D410006891E9 /* Release */,
			);
			defaultConfigurationIsVisible = 0;
			defaultConfigurationName = Release;
		};
		F0A5D24E18F4D410006891E9 /* Build configuration list for PBXNativeTarget "NTJsonModelSample" */ = {
			isa = XCConfigurationList;
			buildConfigurations = (
				F0A5D24F18F4D410006891E9 /* Debug */,
				F0A5D25018F4D410006891E9 /* Release */,
			);
			defaultConfigurationIsVisible = 0;
			defaultConfigurationName = Release;
		};
		F0A5D25118F4D410006891E9 /* Build configuration list for PBXNativeTarget "NTJsonModelSampleTests" */ = {
			isa = XCConfigurationList;
			buildConfigurations = (
				F0A5D25218F4D410006891E9 /* Debug */,
				F0A5D25318F4D410006891E9 /* Release */,
			);
			defaultConfigurationIsVisible = 0;
			defaultConfigurationName = Release;
		};
/* End XCConfigurationList section */
	};
	rootObject = F0A5D21A18F4D410006891E9 /* Project object */;
}
